// !$*UTF8*$!
{
	archiveVersion = 1;
	classes = {
	};
	objectVersion = 46;
	objects = {

/* Begin PBXBuildFile section */
		A04DA8F31DEFB43A00951D6B /* main.m in Sources */ = {isa = PBXBuildFile; fileRef = A04DA8F21DEFB43A00951D6B /* main.m */; };
		A04DA8F61DEFB43A00951D6B /* AppDelegate.m in Sources */ = {isa = PBXBuildFile; fileRef = A04DA8F51DEFB43A00951D6B /* AppDelegate.m */; };
		A04DA8F91DEFB43A00951D6B /* ViewController.m in Sources */ = {isa = PBXBuildFile; fileRef = A04DA8F81DEFB43A00951D6B /* ViewController.m */; };
		A04DA8FC1DEFB43A00951D6B /* Main.storyboard in Resources */ = {isa = PBXBuildFile; fileRef = A04DA8FA1DEFB43A00951D6B /* Main.storyboard */; };
		A04DA8FE1DEFB43A00951D6B /* Assets.xcassets in Resources */ = {isa = PBXBuildFile; fileRef = A04DA8FD1DEFB43A00951D6B /* Assets.xcassets */; };
		A04DA9011DEFB43A00951D6B /* LaunchScreen.storyboard in Resources */ = {isa = PBXBuildFile; fileRef = A04DA8FF1DEFB43A00951D6B /* LaunchScreen.storyboard */; };
		A04DA90A1DEFB57B00951D6B /* AVFoundation.framework in Frameworks */ = {isa = PBXBuildFile; fileRef = A04DA9091DEFB57B00951D6B /* AVFoundation.framework */; };
/* End PBXBuildFile section */

/* Begin PBXFileReference section */
		A04DA8EE1DEFB43A00951D6B /* audioRecorder.app */ = {isa = PBXFileReference; explicitFileType = wrapper.application; includeInIndex = 0; path = audioRecorder.app; sourceTree = BUILT_PRODUCTS_DIR; };
		A04DA8F21DEFB43A00951D6B /* main.m */ = {isa = PBXFileReference; lastKnownFileType = sourcecode.c.objc; path = main.m; sourceTree = "<group>"; };
		A04DA8F41DEFB43A00951D6B /* AppDelegate.h */ = {isa = PBXFileReference; lastKnownFileType = sourcecode.c.h; path = AppDelegate.h; sourceTree = "<group>"; };
		A04DA8F51DEFB43A00951D6B /* AppDelegate.m */ = {isa = PBXFileReference; lastKnownFileType = sourcecode.c.objc; path = AppDelegate.m; sourceTree = "<group>"; };
		A04DA8F71DEFB43A00951D6B /* ViewController.h */ = {isa = PBXFileReference; lastKnownFileType = sourcecode.c.h; path = ViewController.h; sourceTree = "<group>"; };
		A04DA8F81DEFB43A00951D6B /* ViewController.m */ = {isa = PBXFileReference; lastKnownFileType = sourcecode.c.objc; path = ViewController.m; sourceTree = "<group>"; };
		A04DA8FB1DEFB43A00951D6B /* Base */ = {isa = PBXFileReference; lastKnownFileType = file.storyboard; name = Base; path = Base.lproj/Main.storyboard; sourceTree = "<group>"; };
		A04DA8FD1DEFB43A00951D6B /* Assets.xcassets */ = {isa = PBXFileReference; lastKnownFileType = folder.assetcatalog; path = Assets.xcassets; sourceTree = "<group>"; };
		A04DA9001DEFB43A00951D6B /* Base */ = {isa = PBXFileReference; lastKnownFileType = file.storyboard; name = Base; path = Base.lproj/LaunchScreen.storyboard; sourceTree = "<group>"; };
		A04DA9021DEFB43A00951D6B /* Info.plist */ = {isa = PBXFileReference; lastKnownFileType = text.plist.xml; path = Info.plist; sourceTree = "<group>"; };
		A04DA9091DEFB57B00951D6B /* AVFoundation.framework */ = {isa = PBXFileReference; lastKnownFileType = wrapper.framework; name = AVFoundation.framework; path = System/Library/Frameworks/AVFoundation.framework; sourceTree = SDKROOT; };
/* End PBXFileReference section */

/* Begin PBXFrameworksBuildPhase section */
		A04DA8EB1DEFB43A00951D6B /* Frameworks */ = {
			isa = PBXFrameworksBuildPhase;
			buildActionMask = 2147483647;
			files = (
				A04DA90A1DEFB57B00951D6B /* AVFoundation.framework in Frameworks */,
			);
			runOnlyForDeploymentPostprocessing = 0;
		};
/* End PBXFrameworksBuildPhase section */

/* Begin PBXGroup section */
		A04DA8E51DEFB43A00951D6B = {
			isa = PBXGroup;
			children = (
				A04DA8F01DEFB43A00951D6B /* audioRecorder */,
				A04DA8EF1DEFB43A00951D6B /* Products */,
				A04DA9081DEFB57A00951D6B /* Frameworks */,
			);
			sourceTree = "<group>";
		};
		A04DA8EF1DEFB43A00951D6B /* Products */ = {
			isa = PBXGroup;
			children = (
				A04DA8EE1DEFB43A00951D6B /* audioRecorder.app */,
			);
			name = Products;
			sourceTree = "<group>";
		};
		A04DA8F01DEFB43A00951D6B /* audioRecorder */ = {
			isa = PBXGroup;
			children = (
				A04DA8F41DEFB43A00951D6B /* AppDelegate.h */,
				A04DA8F51DEFB43A00951D6B /* AppDelegate.m */,
				A04DA8F71DEFB43A00951D6B /* ViewController.h */,
				A04DA8F81DEFB43A00951D6B /* ViewController.m */,
				A04DA8FA1DEFB43A00951D6B /* Main.storyboard */,
				A04DA8FD1DEFB43A00951D6B /* Assets.xcassets */,
				A04DA8FF1DEFB43A00951D6B /* LaunchScreen.storyboard */,
				A04DA9021DEFB43A00951D6B /* Info.plist */,
				A04DA8F11DEFB43A00951D6B /* Supporting Files */,
			);
			path = audioRecorder;
			sourceTree = "<group>";
		};
		A04DA8F11DEFB43A00951D6B /* Supporting Files */ = {
			isa = PBXGroup;
			children = (
				A04DA8F21DEFB43A00951D6B /* main.m */,
			);
			name = "Supporting Files";
			sourceTree = "<group>";
		};
		A04DA9081DEFB57A00951D6B /* Frameworks */ = {
			isa = PBXGroup;
			children = (
				A04DA9091DEFB57B00951D6B /* AVFoundation.framework */,
			);
			name = Frameworks;
			sourceTree = "<group>";
		};
/* End PBXGroup section */

/* Begin PBXNativeTarget section */
		A04DA8ED1DEFB43A00951D6B /* audioRecorder */ = {
			isa = PBXNativeTarget;
			buildConfigurationList = A04DA9051DEFB43A00951D6B /* Build configuration list for PBXNativeTarget "audioRecorder" */;
			buildPhases = (
				A04DA8EA1DEFB43A00951D6B /* Sources */,
				A04DA8EB1DEFB43A00951D6B /* Frameworks */,
				A04DA8EC1DEFB43A00951D6B /* Resources */,
			);
			buildRules = (
			);
			dependencies = (
			);
			name = audioRecorder;
			productName = audioRecorder;
			productReference = A04DA8EE1DEFB43A00951D6B /* audioRecorder.app */;
			productType = "com.apple.product-type.application";
		};
/* End PBXNativeTarget section */

/* Begin PBXProject section */
		A04DA8E61DEFB43A00951D6B /* Project object */ = {
			isa = PBXProject;
			attributes = {
				LastUpgradeCheck = 0810;
				ORGANIZATIONNAME = MananKothari;
				TargetAttributes = {
					A04DA8ED1DEFB43A00951D6B = {
						CreatedOnToolsVersion = 8.1;
						DevelopmentTeam = BV24EU3A45;
						ProvisioningStyle = Automatic;
					};
				};
			};
			buildConfigurationList = A04DA8E91DEFB43A00951D6B /* Build configuration list for PBXProject "audioRecorder" */;
			compatibilityVersion = "Xcode 3.2";
			developmentRegion = English;
			hasScannedForEncodings = 0;
			knownRegions = (
				en,
				Base,
			);
			mainGroup = A04DA8E51DEFB43A00951D6B;
			productRefGroup = A04DA8EF1DEFB43A00951D6B /* Products */;
			projectDirPath = "";
			projectRoot = "";
			targets = (
				A04DA8ED1DEFB43A00951D6B /* audioRecorder */,
			);
		};
/* End PBXProject section */

/* Begin PBXResourcesBuildPhase section */
		A04DA8EC1DEFB43A00951D6B /* Resources */ = {
			isa = PBXResourcesBuildPhase;
			buildActionMask = 2147483647;
			files = (
				A04DA9011DEFB43A00951D6B /* LaunchScreen.storyboard in Resources */,
				A04DA8FE1DEFB43A00951D6B /* Assets.xcassets in Resources */,
				A04DA8FC1DEFB43A00951D6B /* Main.storyboard in Resources */,
			);
			runOnlyForDeploymentPostprocessing = 0;
		};
/* End PBXResourcesBuildPhase section */

/* Begin PBXSourcesBuildPhase section */
		A04DA8EA1DEFB43A00951D6B /* Sources */ = {
			isa = PBXSourcesBuildPhase;
			buildActionMask = 2147483647;
			files = (
				A04DA8F91DEFB43A00951D6B /* ViewController.m in Sources */,
				A04DA8F61DEFB43A00951D6B /* AppDelegate.m in Sources */,
				A04DA8F31DEFB43A00951D6B /* main.m in Sources */,
			);
			runOnlyForDeploymentPostprocessing = 0;
		};
/* End PBXSourcesBuildPhase section */

/* Begin PBXVariantGroup section */
		A04DA8FA1DEFB43A00951D6B /* Main.storyboard */ = {
			isa = PBXVariantGroup;
			children = (
				A04DA8FB1DEFB43A00951D6B /* Base */,
			);
			name = Main.storyboard;
			sourceTree = "<group>";
		};
		A04DA8FF1DEFB43A00951D6B /* LaunchScreen.storyboard */ = {
			isa = PBXVariantGroup;
			children = (
				A04DA9001DEFB43A00951D6B /* Base */,
			);
			name = LaunchScreen.storyboard;
			sourceTree = "<group>";
		};
/* End PBXVariantGroup section */

/* Begin XCBuildConfiguration section */
		A04DA9031DEFB43A00951D6B /* Debug */ = {
			isa = XCBuildConfiguration;
			buildSettings = {
				ALWAYS_SEARCH_USER_PATHS = NO;
				CLANG_ANALYZER_NONNULL = YES;
				CLANG_CXX_LANGUAGE_STANDARD = "gnu++0x";
				CLANG_CXX_LIBRARY = "libc++";
				CLANG_ENABLE_MODULES = YES;
				CLANG_ENABLE_OBJC_ARC = YES;
				CLANG_WARN_BOOL_CONVERSION = YES;
				CLANG_WARN_CONSTANT_CONVERSION = YES;
				CLANG_WARN_DIRECT_OBJC_ISA_USAGE = YES_ERROR;
				CLANG_WARN_DOCUMENTATION_COMMENTS = YES;
				CLANG_WARN_EMPTY_BODY = YES;
				CLANG_WARN_ENUM_CONVERSION = YES;
				CLANG_WARN_INFINITE_RECURSION = YES;
				CLANG_WARN_INT_CONVERSION = YES;
				CLANG_WARN_OBJC_ROOT_CLASS = YES_ERROR;
				CLANG_WARN_SUSPICIOUS_MOVES = YES;
				CLANG_WARN_UNREACHABLE_CODE = YES;
				CLANG_WARN__DUPLICATE_METHOD_MATCH = YES;
				"CODE_SIGN_IDENTITY[sdk=iphoneos*]" = "iPhone Developer";
				COPY_PHASE_STRIP = NO;
				DEBUG_INFORMATION_FORMAT = dwarf;
				ENABLE_STRICT_OBJC_MSGSEND = YES;
				ENABLE_TESTABILITY = YES;
				GCC_C_LANGUAGE_STANDARD = gnu99;
				GCC_DYNAMIC_NO_PIC = NO;
				GCC_NO_COMMON_BLOCKS = YES;
				GCC_OPTIMIZATION_LEVEL = 0;
				GCC_PREPROCESSOR_DEFINITIONS = (
					"DEBUG=1",
					"$(inherited)",
				);
				GCC_WARN_64_TO_32_BIT_CONVERSION = YES;
				GCC_WARN_ABOUT_RETURN_TYPE = YES_ERROR;
				GCC_WARN_UNDECLARED_SELECTOR = YES;
				GCC_WARN_UNINITIALIZED_AUTOS = YES_AGGRESSIVE;
				GCC_WARN_UNUSED_FUNCTION = YES;
				GCC_WARN_UNUSED_VARIABLE = YES;
				IPHONEOS_DEPLOYMENT_TARGET = 10.1;
				MTL_ENABLE_DEBUG_INFO = YES;
				ONLY_ACTIVE_ARCH = YES;
				SDKROOT = iphoneos;
			};
			name = Debug;
		};
		A04DA9041DEFB43A00951D6B /* Release */ = {
			isa = XCBuildConfiguration;
			buildSettings = {
				ALWAYS_SEARCH_USER_PATHS = NO;
				CLANG_ANALYZER_NONNULL = YES;
				CLANG_CXX_LANGUAGE_STANDARD = "gnu++0x";
				CLANG_CXX_LIBRARY = "libc++";
				CLANG_ENABLE_MODULES = YES;
				CLANG_ENABLE_OBJC_ARC = YES;
				CLANG_WARN_BOOL_CONVERSION = YES;
				CLANG_WARN_CONSTANT_CONVERSION = YES;
				CLANG_WARN_DIRECT_OBJC_ISA_USAGE = YES_ERROR;
				CLANG_WARN_DOCUMENTATION_COMMENTS = YES;
				CLANG_WARN_EMPTY_BODY = YES;
				CLANG_WARN_ENUM_CONVERSION = YES;
				CLANG_WARN_INFINITE_RECURSION = YES;
				CLANG_WARN_INT_CONVERSION = YES;
				CLANG_WARN_OBJC_ROOT_CLASS = YES_ERROR;
				CLANG_WARN_SUSPICIOUS_MOVES = YES;
				CLANG_WARN_UNREACHABLE_CODE = YES;
				CLANG_WARN__DUPLICATE_METHOD_MATCH = YES;
				"CODE_SIGN_IDENTITY[sdk=iphoneos*]" = "iPhone Developer";
				COPY_PHASE_STRIP = NO;
				DEBUG_INFORMATION_FORMAT = "dwarf-with-dsym";
				ENABLE_NS_ASSERTIONS = NO;
				ENABLE_STRICT_OBJC_MSGSEND = YES;
				GCC_C_LANGUAGE_STANDARD = gnu99;
				GCC_NO_COMMON_BLOCKS = YES;
				GCC_WARN_64_TO_32_BIT_CONVERSION = YES;
				GCC_WARN_ABOUT_RETURN_TYPE = YES_ERROR;
				GCC_WARN_UNDECLARED_SELECTOR = YES;
				GCC_WARN_UNINITIALIZED_AUTOS = YES_AGGRESSIVE;
				GCC_WARN_UNUSED_FUNCTION = YES;
				GCC_WARN_UNUSED_VARIABLE = YES;
				IPHONEOS_DEPLOYMENT_TARGET = 10.1;
				MTL_ENABLE_DEBUG_INFO = NO;
				SDKROOT = iphoneos;
				VALIDATE_PRODUCT = YES;
			};
			name = Release;
		};
		A04DA9061DEFB43A00951D6B /* Debug */ = {
			isa = XCBuildConfiguration;
			buildSettings = {
				ASSETCATALOG_COMPILER_APPICON_NAME = AppIcon;
				DEVELOPMENT_TEAM = BV24EU3A45;
				INFOPLIST_FILE = audioRecorder/Info.plist;
				LD_RUNPATH_SEARCH_PATHS = "$(inherited) @executable_path/Frameworks";
				PRODUCT_BUNDLE_IDENTIFIER = MananKothari.audioRecorder;
				PRODUCT_NAME = "$(TARGET_NAME)";
			};
			name = Debug;
		};
		A04DA9071DEFB43A00951D6B /* Release */ = {
			isa = XCBuildConfiguration;
			buildSettings = {
				ASSETCATALOG_COMPILER_APPICON_NAME = AppIcon;
				DEVELOPMENT_TEAM = BV24EU3A45;
				INFOPLIST_FILE = audioRecorder/Info.plist;
				LD_RUNPATH_SEARCH_PATHS = "$(inherited) @executable_path/Frameworks";
				PRODUCT_BUNDLE_IDENTIFIER = MananKothari.audioRecorder;
				PRODUCT_NAME = "$(TARGET_NAME)";
			};
			name = Release;
		};
/* End XCBuildConfiguration section */

/* Begin XCConfigurationList section */
		A04DA8E91DEFB43A00951D6B /* Build configuration list for PBXProject "audioRecorder" */ = {
			isa = XCConfigurationList;
			buildConfigurations = (
				A04DA9031DEFB43A00951D6B /* Debug */,
				A04DA9041DEFB43A00951D6B /* Release */,
			);
			defaultConfigurationIsVisible = 0;
			defaultConfigurationName = Release;
		};
		A04DA9051DEFB43A00951D6B /* Build configuration list for PBXNativeTarget "audioRecorder" */ = {
			isa = XCConfigurationList;
			buildConfigurations = (
				A04DA9061DEFB43A00951D6B /* Debug */,
				A04DA9071DEFB43A00951D6B /* Release */,
			);
			defaultConfigurationIsVisible = 0;
		};
/* End XCConfigurationList section */
	};
	rootObject = A04DA8E61DEFB43A00951D6B /* Project object */;
}
